
Microsoft Visual Studio Solution File, Format Version 12.00
# Visual Studio 15
VisualStudioVersion = 15.0.28010.2016
MinimumVisualStudioVersion = 10.0.40219.1
Project("{FAE04EC0-301F-11D3-BF4B-00C04F79EFBC}") = "CRUDRazor", "CRUDRazor\CRUDRazor.csproj", "{E4669350-B226-4A4B-8E53-8BAEB0B48EF0}"
EndProject
Global
	GlobalSection(SolutionConfigurationPlatforms) = preSolution
		Debug|Any CPU = Debug|Any CPU
		Release|Any CPU = Release|Any CPU
	EndGlobalSection
	GlobalSection(ProjectConfigurationPlatforms) = postSolution
		{E4669350-B226-4A4B-8E53-8BAEB0B48EF0}.Debug|Any CPU.ActiveCfg = Debug|Any CPU
		{E4669350-B226-4A4B-8E53-8BAEB0B48EF0}.Debug|Any CPU.Build.0 = Debug|Any CPU
		{E4669350-B226-4A4B-8E53-8BAEB0B48EF0}.Release|Any CPU.ActiveCfg = Release|Any CPU
		{E4669350-B226-4A4B-8E53-8BAEB0B48EF0}.Release|Any CPU.Build.0 = Release|Any CPU
	EndGlobalSection
	GlobalSection(SolutionProperties) = preSolution
		HideSolutionNode = FALSE
	EndGlobalSection
	GlobalSection(ExtensibilityGlobals) = postSolution
		SolutionGuid = {A2EB6DC6-B98D-42EF-8BF3-BB0DCF9540D0}
	EndGlobalSection
EndGlobal
